
Microsoft Visual Studio Solution File, Format Version 12.00
# Visual Studio Version 17
VisualStudioVersion = 17.6.33815.320
MinimumVisualStudioVersion = 10.0.40219.1
Project("{FAE04EC0-301F-11D3-BF4B-00C04F79EFBC}") = "BlazorServer", "BlazorServer\BlazorServer.csproj", "{53E98A67-CB15-4FAC-AA05-1295B98FBAE4}"
EndProject
Project("{FAE04EC0-301F-11D3-BF4B-00C04F79EFBC}") = "WPFClient", "WPFClient\WPFClient.csproj", "{6B1DCD0A-B305-44C4-97DC-B7B86D6DC3F9}"
EndProject
Global
	GlobalSection(SolutionConfigurationPlatforms) = preSolution
		Debug|Any CPU = Debug|Any CPU
		Release|Any CPU = Release|Any CPU
	EndGlobalSection
	GlobalSection(ProjectConfigurationPlatforms) = postSolution
		{53E98A67-CB15-4FAC-AA05-1295B98FBAE4}.Debug|Any CPU.ActiveCfg = Debug|Any CPU
		{53E98A67-CB15-4FAC-AA05-1295B98FBAE4}.Debug|Any CPU.Build.0 = Debug|Any CPU
		{53E98A67-CB15-4FAC-AA05-1295B98FBAE4}.Release|Any CPU.ActiveCfg = Release|Any CPU
		{53E98A67-CB15-4FAC-AA05-1295B98FBAE4}.Release|Any CPU.Build.0 = Release|Any CPU
		{6B1DCD0A-B305-44C4-97DC-B7B86D6DC3F9}.Debug|Any CPU.ActiveCfg = Debug|Any CPU
		{6B1DCD0A-B305-44C4-97DC-B7B86D6DC3F9}.Debug|Any CPU.Build.0 = Debug|Any CPU
		{6B1DCD0A-B305-44C4-97DC-B7B86D6DC3F9}.Release|Any CPU.ActiveCfg = Release|Any CPU
		{6B1DCD0A-B305-44C4-97DC-B7B86D6DC3F9}.Release|Any CPU.Build.0 = Release|Any CPU
	EndGlobalSection
	GlobalSection(SolutionProperties) = preSolution
		HideSolutionNode = FALSE
	EndGlobalSection
	GlobalSection(ExtensibilityGlobals) = postSolution
		SolutionGuid = {1F736370-C484-4DCE-ABBA-D1195F01BA56}
	EndGlobalSection
EndGlobal
